// !$*UTF8*$!
{
	archiveVersion = 1;
	classes = {
	};
	objectVersion = 77;
	objects = {

/* Begin PBXBuildFile section */
		3E0158C42E32C5E40002DAEF /* Assets.xcassets in Resources */ = {isa = PBXBuildFile; fileRef = 3E0158BE2E32C5E40002DAEF /* Assets.xcassets */; };
		3E0158C52E32C5E40002DAEF /* ContentView.swift in Sources */ = {isa = PBXBuildFile; fileRef = 3E0158BF2E32C5E40002DAEF /* ContentView.swift */; };
		3E0158C62E32C5E40002DAEF /* MainViewModel.swift in Sources */ = {isa = PBXBuildFile; fileRef = 3E0158C02E32C5E40002DAEF /* MainViewModel.swift */; };
		3E0158C72E32C5E40002DAEF /* VpnKovalenkoApp.swift in Sources */ = {isa = PBXBuildFile; fileRef = 3E0158C12E32C5E40002DAEF /* VpnKovalenkoApp.swift */; };
		3E0158C82E32C5E40002DAEF /* VPNService.swift in Sources */ = {isa = PBXBuildFile; fileRef = 3E0158C22E32C5E40002DAEF /* VPNService.swift */; };
		3E0158CE2E32C88E0002DAEF /* UserModel.swift in Sources */ = {isa = PBXBuildFile; fileRef = 3E0158CD2E32C88E0002DAEF /* UserModel.swift */; };
		3E0158D02E32C8960002DAEF /* KeyModel.swift in Sources */ = {isa = PBXBuildFile; fileRef = 3E0158CF2E32C8960002DAEF /* KeyModel.swift */; };
		3E0158D22E32C95C0002DAEF /* KeyChainService.swift in Sources */ = {isa = PBXBuildFile; fileRef = 3E0158D12E32C95C0002DAEF /* KeyChainService.swift */; };
/* End PBXBuildFile section */

/* Begin PBXFileReference section */
		3E0158642E3267630002DAEF /* VpnKovalenko.app */ = {isa = PBXFileReference; explicitFileType = wrapper.application; includeInIndex = 0; path = VpnKovalenko.app; sourceTree = BUILT_PRODUCTS_DIR; };
		3E0158BE2E32C5E40002DAEF /* Assets.xcassets */ = {isa = PBXFileReference; lastKnownFileType = folder.assetcatalog; path = Assets.xcassets; sourceTree = "<group>"; };
		3E0158BF2E32C5E40002DAEF /* ContentView.swift */ = {isa = PBXFileReference; lastKnownFileType = sourcecode.swift; path = ContentView.swift; sourceTree = "<group>"; };
		3E0158C02E32C5E40002DAEF /* MainViewModel.swift */ = {isa = PBXFileReference; lastKnownFileType = sourcecode.swift; path = MainViewModel.swift; sourceTree = "<group>"; };
		3E0158C12E32C5E40002DAEF /* VpnKovalenkoApp.swift */ = {isa = PBXFileReference; lastKnownFileType = sourcecode.swift; path = VpnKovalenkoApp.swift; sourceTree = "<group>"; };
		3E0158C22E32C5E40002DAEF /* VPNService.swift */ = {isa = PBXFileReference; lastKnownFileType = sourcecode.swift; path = VPNService.swift; sourceTree = "<group>"; };
		3E0158CD2E32C88E0002DAEF /* UserModel.swift */ = {isa = PBXFileReference; lastKnownFileType = sourcecode.swift; path = UserModel.swift; sourceTree = "<group>"; };
		3E0158CF2E32C8960002DAEF /* KeyModel.swift */ = {isa = PBXFileReference; lastKnownFileType = sourcecode.swift; path = KeyModel.swift; sourceTree = "<group>"; };
		3E0158D12E32C95C0002DAEF /* KeyChainService.swift */ = {isa = PBXFileReference; lastKnownFileType = sourcecode.swift; path = KeyChainService.swift; sourceTree = "<group>"; };
/* End PBXFileReference section */

/* Begin PBXFrameworksBuildPhase section */
		3E0158612E3267630002DAEF /* Frameworks */ = {
			isa = PBXFrameworksBuildPhase;
			buildActionMask = 2147483647;
			files = (
			);
			runOnlyForDeploymentPostprocessing = 0;
		};
/* End PBXFrameworksBuildPhase section */

/* Begin PBXGroup section */
		3E01585B2E3267630002DAEF = {
			isa = PBXGroup;
			children = (
				3E0158C32E32C5E40002DAEF /* VpnKovalenko */,
				3E0158652E3267630002DAEF /* Products */,
			);
			sourceTree = "<group>";
		};
		3E0158652E3267630002DAEF /* Products */ = {
			isa = PBXGroup;
			children = (
				3E0158642E3267630002DAEF /* VpnKovalenko.app */,
			);
			name = Products;
			sourceTree = "<group>";
		};
		3E0158C32E32C5E40002DAEF /* VpnKovalenko */ = {
			isa = PBXGroup;
			children = (
				3E0158CC2E32C6070002DAEF /* Support */,
				3E0158CB2E32C5FD0002DAEF /* ViewModel */,
				3E0158CA2E32C5F20002DAEF /* View */,
				3E0158C92E32C5E60002DAEF /* VpnService */,
			);
			path = VpnKovalenko;
			sourceTree = "<group>";
		};
		3E0158C92E32C5E60002DAEF /* VpnService */ = {
			isa = PBXGroup;
			children = (
				3E0158C22E32C5E40002DAEF /* VPNService.swift */,
				3E0158CD2E32C88E0002DAEF /* UserModel.swift */,
				3E0158CF2E32C8960002DAEF /* KeyModel.swift */,
				3E0158D12E32C95C0002DAEF /* KeyChainService.swift */,
			);
			path = VpnService;
			sourceTree = "<group>";
		};
		3E0158CA2E32C5F20002DAEF /* View */ = {
			isa = PBXGroup;
			children = (
				3E0158BF2E32C5E40002DAEF /* ContentView.swift */,
			);
			path = View;
			sourceTree = "<group>";
		};
		3E0158CB2E32C5FD0002DAEF /* ViewModel */ = {
			isa = PBXGroup;
			children = (
				3E0158C02E32C5E40002DAEF /* MainViewModel.swift */,
			);
			path = ViewModel;
			sourceTree = "<group>";
		};
		3E0158CC2E32C6070002DAEF /* Support */ = {
			isa = PBXGroup;
			children = (
				3E0158BE2E32C5E40002DAEF /* Assets.xcassets */,
				3E0158C12E32C5E40002DAEF /* VpnKovalenkoApp.swift */,
			);
			path = Support;
			sourceTree = "<group>";
		};
/* End PBXGroup section */

/* Begin PBXNativeTarget section */
		3E0158632E3267630002DAEF /* VpnKovalenko */ = {
			isa = PBXNativeTarget;
			buildConfigurationList = 3E01586F2E3267640002DAEF /* Build configuration list for PBXNativeTarget "VpnKovalenko" */;
			buildPhases = (
				3E0158602E3267630002DAEF /* Sources */,
				3E0158612E3267630002DAEF /* Frameworks */,
				3E0158622E3267630002DAEF /* Resources */,
			);
			buildRules = (
			);
			dependencies = (
			);
			name = VpnKovalenko;
			packageProductDependencies = (
			);
			productName = VpnKovalenko;
			productReference = 3E0158642E3267630002DAEF /* VpnKovalenko.app */;
			productType = "com.apple.product-type.application";
		};
/* End PBXNativeTarget section */

/* Begin PBXProject section */
		3E01585C2E3267630002DAEF /* Project object */ = {
			isa = PBXProject;
			attributes = {
				BuildIndependentTargetsInParallel = 1;
				LastSwiftUpdateCheck = 1640;
				LastUpgradeCheck = 1640;
				TargetAttributes = {
					3E0158632E3267630002DAEF = {
						CreatedOnToolsVersion = 16.4;
					};
				};
			};
			buildConfigurationList = 3E01585F2E3267630002DAEF /* Build configuration list for PBXProject "VpnKovalenko" */;
			developmentRegion = en;
			hasScannedForEncodings = 0;
			knownRegions = (
				en,
				Base,
			);
			mainGroup = 3E01585B2E3267630002DAEF;
			minimizedProjectReferenceProxies = 1;
			preferredProjectObjectVersion = 77;
			productRefGroup = 3E0158652E3267630002DAEF /* Products */;
			projectDirPath = "";
			projectRoot = "";
			targets = (
				3E0158632E3267630002DAEF /* VpnKovalenko */,
			);
		};
/* End PBXProject section */

/* Begin PBXResourcesBuildPhase section */
		3E0158622E3267630002DAEF /* Resources */ = {
			isa = PBXResourcesBuildPhase;
			buildActionMask = 2147483647;
			files = (
				3E0158C42E32C5E40002DAEF /* Assets.xcassets in Resources */,
			);
			runOnlyForDeploymentPostprocessing = 0;
		};
/* End PBXResourcesBuildPhase section */

/* Begin PBXSourcesBuildPhase section */
		3E0158602E3267630002DAEF /* Sources */ = {
			isa = PBXSourcesBuildPhase;
			buildActionMask = 2147483647;
			files = (
				3E0158C52E32C5E40002DAEF /* ContentView.swift in Sources */,
				3E0158C62E32C5E40002DAEF /* MainViewModel.swift in Sources */,
				3E0158D22E32C95C0002DAEF /* KeyChainService.swift in Sources */,
				3E0158C72E32C5E40002DAEF /* VpnKovalenkoApp.swift in Sources */,
				3E0158D02E32C8960002DAEF /* KeyModel.swift in Sources */,
				3E0158CE2E32C88E0002DAEF /* UserModel.swift in Sources */,
				3E0158C82E32C5E40002DAEF /* VPNService.swift in Sources */,
			);
			runOnlyForDeploymentPostprocessing = 0;
		};
/* End PBXSourcesBuildPhase section */

/* Begin XCBuildConfiguration section */
		3E01586D2E3267640002DAEF /* Debug */ = {
			isa = XCBuildConfiguration;
			buildSettings = {
				ALWAYS_SEARCH_USER_PATHS = NO;
				ASSETCATALOG_COMPILER_GENERATE_SWIFT_ASSET_SYMBOL_EXTENSIONS = YES;
				CLANG_ANALYZER_NONNULL = YES;
				CLANG_ANALYZER_NUMBER_OBJECT_CONVERSION = YES_AGGRESSIVE;
				CLANG_CXX_LANGUAGE_STANDARD = "gnu++20";
				CLANG_ENABLE_MODULES = YES;
				CLANG_ENABLE_OBJC_ARC = YES;
				CLANG_ENABLE_OBJC_WEAK = YES;
				CLANG_WARN_BLOCK_CAPTURE_AUTORELEASING = YES;
				CLANG_WARN_BOOL_CONVERSION = YES;
				CLANG_WARN_COMMA = YES;
				CLANG_WARN_CONSTANT_CONVERSION = YES;
				CLANG_WARN_DEPRECATED_OBJC_IMPLEMENTATIONS = YES;
				CLANG_WARN_DIRECT_OBJC_ISA_USAGE = YES_ERROR;
				CLANG_WARN_DOCUMENTATION_COMMENTS = YES;
				CLANG_WARN_EMPTY_BODY = YES;
				CLANG_WARN_ENUM_CONVERSION = YES;
				CLANG_WARN_INFINITE_RECURSION = YES;
				CLANG_WARN_INT_CONVERSION = YES;
				CLANG_WARN_NON_LITERAL_NULL_CONVERSION = YES;
				CLANG_WARN_OBJC_IMPLICIT_RETAIN_SELF = YES;
				CLANG_WARN_OBJC_LITERAL_CONVERSION = YES;
				CLANG_WARN_OBJC_ROOT_CLASS = YES_ERROR;
				CLANG_WARN_QUOTED_INCLUDE_IN_FRAMEWORK_HEADER = YES;
				CLANG_WARN_RANGE_LOOP_ANALYSIS = YES;
				CLANG_WARN_STRICT_PROTOTYPES = YES;
				CLANG_WARN_SUSPICIOUS_MOVE = YES;
				CLANG_WARN_UNGUARDED_AVAILABILITY = YES_AGGRESSIVE;
				CLANG_WARN_UNREACHABLE_CODE = YES;
				CLANG_WARN__DUPLICATE_METHOD_MATCH = YES;
				COPY_PHASE_STRIP = NO;
				DEBUG_INFORMATION_FORMAT = dwarf;
				DEVELOPMENT_TEAM = 6WBSBWSNWN;
				ENABLE_STRICT_OBJC_MSGSEND = YES;
				ENABLE_TESTABILITY = YES;
				ENABLE_USER_SCRIPT_SANDBOXING = YES;
				GCC_C_LANGUAGE_STANDARD = gnu17;
				GCC_DYNAMIC_NO_PIC = NO;
				GCC_NO_COMMON_BLOCKS = YES;
				GCC_OPTIMIZATION_LEVEL = 0;
				GCC_PREPROCESSOR_DEFINITIONS = (
					"DEBUG=1",
					"$(inherited)",
				);
				GCC_WARN_64_TO_32_BIT_CONVERSION = YES;
				GCC_WARN_ABOUT_RETURN_TYPE = YES_ERROR;
				GCC_WARN_UNDECLARED_SELECTOR = YES;
				GCC_WARN_UNINITIALIZED_AUTOS = YES_AGGRESSIVE;
				GCC_WARN_UNUSED_FUNCTION = YES;
				GCC_WARN_UNUSED_VARIABLE = YES;
				IPHONEOS_DEPLOYMENT_TARGET = 18.5;
				LOCALIZATION_PREFERS_STRING_CATALOGS = YES;
				MTL_ENABLE_DEBUG_INFO = INCLUDE_SOURCE;
				MTL_FAST_MATH = YES;
				ONLY_ACTIVE_ARCH = YES;
				SDKROOT = iphoneos;
				SWIFT_ACTIVE_COMPILATION_CONDITIONS = "DEBUG $(inherited)";
				SWIFT_OPTIMIZATION_LEVEL = "-Onone";
			};
			name = Debug;
		};
		3E01586E2E3267640002DAEF /* Release */ = {
			isa = XCBuildConfiguration;
			buildSettings = {
				ALWAYS_SEARCH_USER_PATHS = NO;
				ASSETCATALOG_COMPILER_GENERATE_SWIFT_ASSET_SYMBOL_EXTENSIONS = YES;
				CLANG_ANALYZER_NONNULL = YES;
				CLANG_ANALYZER_NUMBER_OBJECT_CONVERSION = YES_AGGRESSIVE;
				CLANG_CXX_LANGUAGE_STANDARD = "gnu++20";
				CLANG_ENABLE_MODULES = YES;
				CLANG_ENABLE_OBJC_ARC = YES;
				CLANG_ENABLE_OBJC_WEAK = YES;
				CLANG_WARN_BLOCK_CAPTURE_AUTORELEASING = YES;
				CLANG_WARN_BOOL_CONVERSION = YES;
				CLANG_WARN_COMMA = YES;
				CLANG_WARN_CONSTANT_CONVERSION = YES;
				CLANG_WARN_DEPRECATED_OBJC_IMPLEMENTATIONS = YES;
				CLANG_WARN_DIRECT_OBJC_ISA_USAGE = YES_ERROR;
				CLANG_WARN_DOCUMENTATION_COMMENTS = YES;
				CLANG_WARN_EMPTY_BODY = YES;
				CLANG_WARN_ENUM_CONVERSION = YES;
				CLANG_WARN_INFINITE_RECURSION = YES;
				CLANG_WARN_INT_CONVERSION = YES;
				CLANG_WARN_NON_LITERAL_NULL_CONVERSION = YES;
				CLANG_WARN_OBJC_IMPLICIT_RETAIN_SELF = YES;
				CLANG_WARN_OBJC_LITERAL_CONVERSION = YES;
				CLANG_WARN_OBJC_ROOT_CLASS = YES_ERROR;
				CLANG_WARN_QUOTED_INCLUDE_IN_FRAMEWORK_HEADER = YES;
				CLANG_WARN_RANGE_LOOP_ANALYSIS = YES;
				CLANG_WARN_STRICT_PROTOTYPES = YES;
				CLANG_WARN_SUSPICIOUS_MOVE = YES;
				CLANG_WARN_UNGUARDED_AVAILABILITY = YES_AGGRESSIVE;
				CLANG_WARN_UNREACHABLE_CODE = YES;
				CLANG_WARN__DUPLICATE_METHOD_MATCH = YES;
				COPY_PHASE_STRIP = NO;
				DEBUG_INFORMATION_FORMAT = "dwarf-with-dsym";
				DEVELOPMENT_TEAM = 6WBSBWSNWN;
				ENABLE_NS_ASSERTIONS = NO;
				ENABLE_STRICT_OBJC_MSGSEND = YES;
				ENABLE_USER_SCRIPT_SANDBOXING = YES;
				GCC_C_LANGUAGE_STANDARD = gnu17;
				GCC_NO_COMMON_BLOCKS = YES;
				GCC_WARN_64_TO_32_BIT_CONVERSION = YES;
				GCC_WARN_ABOUT_RETURN_TYPE = YES_ERROR;
				GCC_WARN_UNDECLARED_SELECTOR = YES;
				GCC_WARN_UNINITIALIZED_AUTOS = YES_AGGRESSIVE;
				GCC_WARN_UNUSED_FUNCTION = YES;
				GCC_WARN_UNUSED_VARIABLE = YES;
				IPHONEOS_DEPLOYMENT_TARGET = 18.5;
				LOCALIZATION_PREFERS_STRING_CATALOGS = YES;
				MTL_ENABLE_DEBUG_INFO = NO;
				MTL_FAST_MATH = YES;
				SDKROOT = iphoneos;
				SWIFT_COMPILATION_MODE = wholemodule;
				VALIDATE_PRODUCT = YES;
			};
			name = Release;
		};
		3E0158702E3267640002DAEF /* Debug */ = {
			isa = XCBuildConfiguration;
			buildSettings = {
				ASSETCATALOG_COMPILER_APPICON_NAME = AppIcon;
				ASSETCATALOG_COMPILER_GLOBAL_ACCENT_COLOR_NAME = AccentColor;
				CODE_SIGN_STYLE = Automatic;
				CURRENT_PROJECT_VERSION = 1;
				DEVELOPMENT_TEAM = 6WBSBWSNWN;
				ENABLE_PREVIEWS = YES;
				GENERATE_INFOPLIST_FILE = YES;
				INFOPLIST_KEY_UIApplicationSceneManifest_Generation = YES;
				INFOPLIST_KEY_UIApplicationSupportsIndirectInputEvents = YES;
				INFOPLIST_KEY_UILaunchScreen_Generation = YES;
				INFOPLIST_KEY_UISupportedInterfaceOrientations = UIInterfaceOrientationPortrait;
				IPHONEOS_DEPLOYMENT_TARGET = 16;
				LD_RUNPATH_SEARCH_PATHS = (
					"$(inherited)",
					"@executable_path/Frameworks",
				);
				MARKETING_VERSION = 1.0;
				PRODUCT_BUNDLE_IDENTIFIER = Boytik.VpnKovalenko;
				PRODUCT_NAME = "$(TARGET_NAME)";
				SUPPORTED_PLATFORMS = "iphoneos iphonesimulator";
				SUPPORTS_MACCATALYST = NO;
				SUPPORTS_XR_DESIGNED_FOR_IPHONE_IPAD = NO;
				SWIFT_EMIT_LOC_STRINGS = YES;
				SWIFT_VERSION = 5.0;
				TARGETED_DEVICE_FAMILY = "1,2";
			};
			name = Debug;
		};
		3E0158712E3267640002DAEF /* Release */ = {
			isa = XCBuildConfiguration;
			buildSettings = {
				ASSETCATALOG_COMPILER_APPICON_NAME = AppIcon;
				ASSETCATALOG_COMPILER_GLOBAL_ACCENT_COLOR_NAME = AccentColor;
				CODE_SIGN_STYLE = Automatic;
				CURRENT_PROJECT_VERSION = 1;
				DEVELOPMENT_TEAM = 6WBSBWSNWN;
				ENABLE_PREVIEWS = YES;
				GENERATE_INFOPLIST_FILE = YES;
				INFOPLIST_KEY_UIApplicationSceneManifest_Generation = YES;
				INFOPLIST_KEY_UIApplicationSupportsIndirectInputEvents = YES;
				INFOPLIST_KEY_UILaunchScreen_Generation = YES;
				INFOPLIST_KEY_UISupportedInterfaceOrientations = UIInterfaceOrientationPortrait;
				IPHONEOS_DEPLOYMENT_TARGET = 16;
				LD_RUNPATH_SEARCH_PATHS = (
					"$(inherited)",
					"@executable_path/Frameworks",
				);
				MARKETING_VERSION = 1.0;
				PRODUCT_BUNDLE_IDENTIFIER = Boytik.VpnKovalenko;
				PRODUCT_NAME = "$(TARGET_NAME)";
				SUPPORTED_PLATFORMS = "iphoneos iphonesimulator";
				SUPPORTS_MACCATALYST = NO;
				SUPPORTS_XR_DESIGNED_FOR_IPHONE_IPAD = NO;
				SWIFT_EMIT_LOC_STRINGS = YES;
				SWIFT_VERSION = 5.0;
				TARGETED_DEVICE_FAMILY = "1,2";
			};
			name = Release;
		};
/* End XCBuildConfiguration section */

/* Begin XCConfigurationList section */
		3E01585F2E3267630002DAEF /* Build configuration list for PBXProject "VpnKovalenko" */ = {
			isa = XCConfigurationList;
			buildConfigurations = (
				3E01586D2E3267640002DAEF /* Debug */,
				3E01586E2E3267640002DAEF /* Release */,
			);
			defaultConfigurationIsVisible = 0;
			defaultConfigurationName = Release;
		};
		3E01586F2E3267640002DAEF /* Build configuration list for PBXNativeTarget "VpnKovalenko" */ = {
			isa = XCConfigurationList;
			buildConfigurations = (
				3E0158702E3267640002DAEF /* Debug */,
				3E0158712E3267640002DAEF /* Release */,
			);
			defaultConfigurationIsVisible = 0;
			defaultConfigurationName = Release;
		};
/* End XCConfigurationList section */
	};
	rootObject = 3E01585C2E3267630002DAEF /* Project object */;
}
